github.com/sbbrnnr123/hugo-web-sb v0.0.0-20251215133739-8ac2fcd0bb44 h1:0hEPWFnOSI2mT3GwE6z/vbSYL8g5cdA5G6Tx6y83Y1g=
github.com/sbbrnnr123/hugo-web-sb v0.0.0-20251215133739-8ac2fcd0bb44/go.mod h1:gYA829/ytozOrFrVoCDO7tKxo9WG54Ect+Z27O8Wb4M=
github.com/sbbrnnr123/hugo-web-sb v0.0.0-20251215151210-2c252518a72e h1:vzKx8msht3oV7i/6QjQYhYKIKb5S5d2fKSw/0HN3IKI=
github.com/sbbrnnr123/hugo-web-sb v0.0.0-20251215151210-2c252518a72e/go.mod h1:gYA829/ytozOrFrVoCDO7tKxo9WG54Ect+Z27O8Wb4M=
